
Microsoft Visual Studio Solution File, Format Version 12.00
# Visual Studio Version 16
VisualStudioVersion = 16.0.29306.81
MinimumVisualStudioVersion = 10.0.40219.1
Project("{8BC9CEB8-8B4A-11D0-8D11-00A0C91BC942}") = "Chapter15_ClassCreationOrder", "Chapter15_ClassCreationOrder\Chapter15_ClassCreationOrder.vcxproj", "{0BAACD3B-5F48-427B-BF58-FCBBC0D91963}"
EndProject
Global
	GlobalSection(SolutionConfigurationPlatforms) = preSolution
		Debug|x64 = Debug|x64
		Debug|x86 = Debug|x86
		Release|x64 = Release|x64
		Release|x86 = Release|x86
	EndGlobalSection
	GlobalSection(ProjectConfigurationPlatforms) = postSolution
		{0BAACD3B-5F48-427B-BF58-FCBBC0D91963}.Debug|x64.ActiveCfg = Debug|x64
		{0BAACD3B-5F48-427B-BF58-FCBBC0D91963}.Debug|x64.Build.0 = Debug|x64
		{0BAACD3B-5F48-427B-BF58-FCBBC0D91963}.Debug|x86.ActiveCfg = Debug|Win32
		{0BAACD3B-5F48-427B-BF58-FCBBC0D91963}.Debug|x86.Build.0 = Debug|Win32
		{0BAACD3B-5F48-427B-BF58-FCBBC0D91963}.Release|x64.ActiveCfg = Release|x64
		{0BAACD3B-5F48-427B-BF58-FCBBC0D91963}.Release|x64.Build.0 = Release|x64
		{0BAACD3B-5F48-427B-BF58-FCBBC0D91963}.Release|x86.ActiveCfg = Release|Win32
		{0BAACD3B-5F48-427B-BF58-FCBBC0D91963}.Release|x86.Build.0 = Release|Win32
	EndGlobalSection
	GlobalSection(SolutionProperties) = preSolution
		HideSolutionNode = FALSE
	EndGlobalSection
	GlobalSection(ExtensibilityGlobals) = postSolution
		SolutionGuid = {204DF37F-5755-468E-88A4-2FF5C557BF08}
	EndGlobalSection
EndGlobal
